
Microsoft Visual Studio Solution File, Format Version 12.00
# Visual Studio Version 16
VisualStudioVersion = 16.0.30804.86
MinimumVisualStudioVersion = 10.0.40219.1
Project("{FAE04EC0-301F-11D3-BF4B-00C04F79EFBC}") = "DoLink.Comum", "DoLink.Comum\DoLink.Comum.csproj", "{95522D5F-CC7F-4010-A3CE-7986A99704D4}"
EndProject
Project("{FAE04EC0-301F-11D3-BF4B-00C04F79EFBC}") = "DoLink.Dominio", "DoLink.Dominio\DoLink.Dominio.csproj", "{88AB44DB-6E07-462E-B49B-72544F6E100D}"
EndProject
Project("{FAE04EC0-301F-11D3-BF4B-00C04F79EFBC}") = "DoLink.Infra.Data", "DoLink.Infra.Data\DoLink.Infra.Data.csproj", "{D01695AE-5904-4983-904E-CC58C1BCB76E}"
EndProject
Project("{FAE04EC0-301F-11D3-BF4B-00C04F79EFBC}") = "DoLink.Testes", "DoLink.Testes\DoLink.Testes.csproj", "{3C2B86BD-AFCC-4DCA-83FF-B958F079D374}"
EndProject
Project("{FAE04EC0-301F-11D3-BF4B-00C04F79EFBC}") = "DoLink.Api", "DoLink.Api\DoLink.Api.csproj", "{5BA19DB6-0465-4B2C-B5C8-EE3D74E220BF}"
EndProject
Global
	GlobalSection(SolutionConfigurationPlatforms) = preSolution
		Debug|Any CPU = Debug|Any CPU
		Release|Any CPU = Release|Any CPU
	EndGlobalSection
	GlobalSection(ProjectConfigurationPlatforms) = postSolution
		{95522D5F-CC7F-4010-A3CE-7986A99704D4}.Debug|Any CPU.ActiveCfg = Debug|Any CPU
		{95522D5F-CC7F-4010-A3CE-7986A99704D4}.Debug|Any CPU.Build.0 = Debug|Any CPU
		{95522D5F-CC7F-4010-A3CE-7986A99704D4}.Release|Any CPU.ActiveCfg = Release|Any CPU
		{95522D5F-CC7F-4010-A3CE-7986A99704D4}.Release|Any CPU.Build.0 = Release|Any CPU
		{88AB44DB-6E07-462E-B49B-72544F6E100D}.Debug|Any CPU.ActiveCfg = Debug|Any CPU
		{88AB44DB-6E07-462E-B49B-72544F6E100D}.Debug|Any CPU.Build.0 = Debug|Any CPU
		{88AB44DB-6E07-462E-B49B-72544F6E100D}.Release|Any CPU.ActiveCfg = Release|Any CPU
		{88AB44DB-6E07-462E-B49B-72544F6E100D}.Release|Any CPU.Build.0 = Release|Any CPU
		{D01695AE-5904-4983-904E-CC58C1BCB76E}.Debug|Any CPU.ActiveCfg = Debug|Any CPU
		{D01695AE-5904-4983-904E-CC58C1BCB76E}.Debug|Any CPU.Build.0 = Debug|Any CPU
		{D01695AE-5904-4983-904E-CC58C1BCB76E}.Release|Any CPU.ActiveCfg = Release|Any CPU
		{D01695AE-5904-4983-904E-CC58C1BCB76E}.Release|Any CPU.Build.0 = Release|Any CPU
		{3C2B86BD-AFCC-4DCA-83FF-B958F079D374}.Debug|Any CPU.ActiveCfg = Debug|Any CPU
		{3C2B86BD-AFCC-4DCA-83FF-B958F079D374}.Debug|Any CPU.Build.0 = Debug|Any CPU
		{3C2B86BD-AFCC-4DCA-83FF-B958F079D374}.Release|Any CPU.ActiveCfg = Release|Any CPU
		{3C2B86BD-AFCC-4DCA-83FF-B958F079D374}.Release|Any CPU.Build.0 = Release|Any CPU
		{5BA19DB6-0465-4B2C-B5C8-EE3D74E220BF}.Debug|Any CPU.ActiveCfg = Debug|Any CPU
		{5BA19DB6-0465-4B2C-B5C8-EE3D74E220BF}.Debug|Any CPU.Build.0 = Debug|Any CPU
		{5BA19DB6-0465-4B2C-B5C8-EE3D74E220BF}.Release|Any CPU.ActiveCfg = Release|Any CPU
		{5BA19DB6-0465-4B2C-B5C8-EE3D74E220BF}.Release|Any CPU.Build.0 = Release|Any CPU
	EndGlobalSection
	GlobalSection(SolutionProperties) = preSolution
		HideSolutionNode = FALSE
	EndGlobalSection
	GlobalSection(ExtensibilityGlobals) = postSolution
		SolutionGuid = {F133AF2D-CA07-4052-8C4D-CDD50E8E4642}
	EndGlobalSection
EndGlobal
