
Microsoft Visual Studio Solution File, Format Version 12.00
# Visual Studio Version 16
VisualStudioVersion = 16.0.31025.194
MinimumVisualStudioVersion = 10.0.40219.1
Project("{9A19103F-16F7-4668-BE54-9A1E7A4F7556}") = "Carometro.Dominio", "Carometro.Dominio\Carometro.Dominio.csproj", "{AA47CC3A-1934-465C-9C17-5AAC891A8243}"
EndProject
Project("{9A19103F-16F7-4668-BE54-9A1E7A4F7556}") = "Carometro.Comum", "Carometro.Comum\Carometro.Comum.csproj", "{91EC50BD-F4A4-4B19-8B6B-B8DC989D6833}"
EndProject
Project("{9A19103F-16F7-4668-BE54-9A1E7A4F7556}") = "Carometro.Testes", "Carometro.Testes\Carometro.Testes.csproj", "{59A5BE80-87B1-49C1-98A8-313F8F318F5B}"
EndProject
Project("{9A19103F-16F7-4668-BE54-9A1E7A4F7556}") = "Carometro.Infra.Data", "Carometro.Infra.Data\Carometro.Infra.Data.csproj", "{ACEC170E-FA20-42F6-9135-92003DE219C0}"
EndProject
Project("{FAE04EC0-301F-11D3-BF4B-00C04F79EFBC}") = "Carometro.Api", "Carometro.Api\Carometro.Api.csproj", "{C014034F-4F69-4DD7-98D8-20C35AFB4FD3}"
EndProject
Global
	GlobalSection(SolutionConfigurationPlatforms) = preSolution
		Debug|Any CPU = Debug|Any CPU
		Release|Any CPU = Release|Any CPU
	EndGlobalSection
	GlobalSection(ProjectConfigurationPlatforms) = postSolution
		{AA47CC3A-1934-465C-9C17-5AAC891A8243}.Debug|Any CPU.ActiveCfg = Debug|Any CPU
		{AA47CC3A-1934-465C-9C17-5AAC891A8243}.Debug|Any CPU.Build.0 = Debug|Any CPU
		{AA47CC3A-1934-465C-9C17-5AAC891A8243}.Release|Any CPU.ActiveCfg = Release|Any CPU
		{AA47CC3A-1934-465C-9C17-5AAC891A8243}.Release|Any CPU.Build.0 = Release|Any CPU
		{91EC50BD-F4A4-4B19-8B6B-B8DC989D6833}.Debug|Any CPU.ActiveCfg = Debug|Any CPU
		{91EC50BD-F4A4-4B19-8B6B-B8DC989D6833}.Debug|Any CPU.Build.0 = Debug|Any CPU
		{91EC50BD-F4A4-4B19-8B6B-B8DC989D6833}.Release|Any CPU.ActiveCfg = Release|Any CPU
		{91EC50BD-F4A4-4B19-8B6B-B8DC989D6833}.Release|Any CPU.Build.0 = Release|Any CPU
		{59A5BE80-87B1-49C1-98A8-313F8F318F5B}.Debug|Any CPU.ActiveCfg = Debug|Any CPU
		{59A5BE80-87B1-49C1-98A8-313F8F318F5B}.Debug|Any CPU.Build.0 = Debug|Any CPU
		{59A5BE80-87B1-49C1-98A8-313F8F318F5B}.Release|Any CPU.ActiveCfg = Release|Any CPU
		{59A5BE80-87B1-49C1-98A8-313F8F318F5B}.Release|Any CPU.Build.0 = Release|Any CPU
		{ACEC170E-FA20-42F6-9135-92003DE219C0}.Debug|Any CPU.ActiveCfg = Debug|Any CPU
		{ACEC170E-FA20-42F6-9135-92003DE219C0}.Debug|Any CPU.Build.0 = Debug|Any CPU
		{ACEC170E-FA20-42F6-9135-92003DE219C0}.Release|Any CPU.ActiveCfg = Release|Any CPU
		{ACEC170E-FA20-42F6-9135-92003DE219C0}.Release|Any CPU.Build.0 = Release|Any CPU
		{C014034F-4F69-4DD7-98D8-20C35AFB4FD3}.Debug|Any CPU.ActiveCfg = Debug|Any CPU
		{C014034F-4F69-4DD7-98D8-20C35AFB4FD3}.Debug|Any CPU.Build.0 = Debug|Any CPU
		{C014034F-4F69-4DD7-98D8-20C35AFB4FD3}.Release|Any CPU.ActiveCfg = Release|Any CPU
		{C014034F-4F69-4DD7-98D8-20C35AFB4FD3}.Release|Any CPU.Build.0 = Release|Any CPU
	EndGlobalSection
	GlobalSection(SolutionProperties) = preSolution
		HideSolutionNode = FALSE
	EndGlobalSection
	GlobalSection(ExtensibilityGlobals) = postSolution
		SolutionGuid = {23FFC249-2150-47E4-9245-876A769F608D}
	EndGlobalSection
EndGlobal
